
Microsoft Visual Studio Solution File, Format Version 12.00
# Visual Studio 15
VisualStudioVersion = 15.0.28307.539
MinimumVisualStudioVersion = 10.0.40219.1
Project("{FAE04EC0-301F-11D3-BF4B-00C04F79EFBC}") = "ipalindrome", "ipalindrome\ipalindrome.csproj", "{B44FB149-670D-4AC6-85E5-3F5300825452}"
EndProject
Global
	GlobalSection(SolutionConfigurationPlatforms) = preSolution
		Debug|Any CPU = Debug|Any CPU
		Release|Any CPU = Release|Any CPU
	EndGlobalSection
	GlobalSection(ProjectConfigurationPlatforms) = postSolution
		{B44FB149-670D-4AC6-85E5-3F5300825452}.Debug|Any CPU.ActiveCfg = Debug|Any CPU
		{B44FB149-670D-4AC6-85E5-3F5300825452}.Debug|Any CPU.Build.0 = Debug|Any CPU
		{B44FB149-670D-4AC6-85E5-3F5300825452}.Release|Any CPU.ActiveCfg = Release|Any CPU
		{B44FB149-670D-4AC6-85E5-3F5300825452}.Release|Any CPU.Build.0 = Release|Any CPU
	EndGlobalSection
	GlobalSection(SolutionProperties) = preSolution
		HideSolutionNode = FALSE
	EndGlobalSection
	GlobalSection(ExtensibilityGlobals) = postSolution
		SolutionGuid = {B64A78AD-5114-4B0E-8AD5-F3855FA3E68C}
	EndGlobalSection
EndGlobal
